
Microsoft Visual Studio Solution File, Format Version 12.00
# Visual Studio Version 17
VisualStudioVersion = 17.0.31903.59
MinimumVisualStudioVersion = 10.0.40219.1
Project("{2150E333-8FDC-42A3-9474-1A3956D46DE8}") = "src", "src", "{827E0CD3-B72D-47B6-A68D-7590B98EB39B}"
EndProject
Project("{FAE04EC0-301F-11D3-BF4B-00C04F79EFBC}") = "AcessaAi.API", "src\AcessaAi.API\AcessaAi.API.csproj", "{4DA90A7C-B3FA-4B77-A8F2-8134BD039801}"
EndProject
Project("{FAE04EC0-301F-11D3-BF4B-00C04F79EFBC}") = "AcessaAi.Application", "src\AcessaAi.Application\AcessaAi.Application.csproj", "{62DDCDD7-0B70-4827-8084-E855CAB02E8B}"
EndProject
Project("{FAE04EC0-301F-11D3-BF4B-00C04F79EFBC}") = "AcessaAi.Domain", "src\AcessaAi.Domain\AcessaAi.Domain.csproj", "{CE627527-B73B-4E55-B672-F149DD9F8F4A}"
EndProject
Project("{FAE04EC0-301F-11D3-BF4B-00C04F79EFBC}") = "AcessaAi.Infrastructure", "src\AcessaAi.Infrastructure\AcessaAi.Infrastructure.csproj", "{DF51582E-111E-4D06-9E4F-9183CF784E7D}"
EndProject
Project("{2150E333-8FDC-42A3-9474-1A3956D46DE8}") = "tests", "tests", "{0AB3BF05-4346-4AA6-1389-037BE0695223}"
EndProject
Project("{FAE04EC0-301F-11D3-BF4B-00C04F79EFBC}") = "AcessaAi.IntegrationTests", "tests\AcessaAi.IntegrationTests\AcessaAi.IntegrationTests.csproj", "{D7C2E674-3F00-4726-BEF4-5BF7A225820D}"
EndProject
Project("{FAE04EC0-301F-11D3-BF4B-00C04F79EFBC}") = "AcessaAi.UnitTests", "tests\AcessaAi.UnitTests\AcessaAi.UnitTests.csproj", "{E14BBAA1-B602-4690-B448-4376DCA41C91}"
EndProject
Global
	GlobalSection(SolutionConfigurationPlatforms) = preSolution
		Debug|Any CPU = Debug|Any CPU
		Debug|x64 = Debug|x64
		Debug|x86 = Debug|x86
		Release|Any CPU = Release|Any CPU
		Release|x64 = Release|x64
		Release|x86 = Release|x86
	EndGlobalSection
	GlobalSection(ProjectConfigurationPlatforms) = postSolution
		{4DA90A7C-B3FA-4B77-A8F2-8134BD039801}.Debug|Any CPU.ActiveCfg = Debug|Any CPU
		{4DA90A7C-B3FA-4B77-A8F2-8134BD039801}.Debug|Any CPU.Build.0 = Debug|Any CPU
		{4DA90A7C-B3FA-4B77-A8F2-8134BD039801}.Debug|x64.ActiveCfg = Debug|Any CPU
		{4DA90A7C-B3FA-4B77-A8F2-8134BD039801}.Debug|x64.Build.0 = Debug|Any CPU
		{4DA90A7C-B3FA-4B77-A8F2-8134BD039801}.Debug|x86.ActiveCfg = Debug|Any CPU
		{4DA90A7C-B3FA-4B77-A8F2-8134BD039801}.Debug|x86.Build.0 = Debug|Any CPU
		{4DA90A7C-B3FA-4B77-A8F2-8134BD039801}.Release|Any CPU.ActiveCfg = Release|Any CPU
		{4DA90A7C-B3FA-4B77-A8F2-8134BD039801}.Release|Any CPU.Build.0 = Release|Any CPU
		{4DA90A7C-B3FA-4B77-A8F2-8134BD039801}.Release|x64.ActiveCfg = Release|Any CPU
		{4DA90A7C-B3FA-4B77-A8F2-8134BD039801}.Release|x64.Build.0 = Release|Any CPU
		{4DA90A7C-B3FA-4B77-A8F2-8134BD039801}.Release|x86.ActiveCfg = Release|Any CPU
		{4DA90A7C-B3FA-4B77-A8F2-8134BD039801}.Release|x86.Build.0 = Release|Any CPU
		{62DDCDD7-0B70-4827-8084-E855CAB02E8B}.Debug|Any CPU.ActiveCfg = Debug|Any CPU
		{62DDCDD7-0B70-4827-8084-E855CAB02E8B}.Debug|Any CPU.Build.0 = Debug|Any CPU
		{62DDCDD7-0B70-4827-8084-E855CAB02E8B}.Debug|x64.ActiveCfg = Debug|Any CPU
		{62DDCDD7-0B70-4827-8084-E855CAB02E8B}.Debug|x64.Build.0 = Debug|Any CPU
		{62DDCDD7-0B70-4827-8084-E855CAB02E8B}.Debug|x86.ActiveCfg = Debug|Any CPU
		{62DDCDD7-0B70-4827-8084-E855CAB02E8B}.Debug|x86.Build.0 = Debug|Any CPU
		{62DDCDD7-0B70-4827-8084-E855CAB02E8B}.Release|Any CPU.ActiveCfg = Release|Any CPU
		{62DDCDD7-0B70-4827-8084-E855CAB02E8B}.Release|Any CPU.Build.0 = Release|Any CPU
		{62DDCDD7-0B70-4827-8084-E855CAB02E8B}.Release|x64.ActiveCfg = Release|Any CPU
		{62DDCDD7-0B70-4827-8084-E855CAB02E8B}.Release|x64.Build.0 = Release|Any CPU
		{62DDCDD7-0B70-4827-8084-E855CAB02E8B}.Release|x86.ActiveCfg = Release|Any CPU
		{62DDCDD7-0B70-4827-8084-E855CAB02E8B}.Release|x86.Build.0 = Release|Any CPU
		{CE627527-B73B-4E55-B672-F149DD9F8F4A}.Debug|Any CPU.ActiveCfg = Debug|Any CPU
		{CE627527-B73B-4E55-B672-F149DD9F8F4A}.Debug|Any CPU.Build.0 = Debug|Any CPU
		{CE627527-B73B-4E55-B672-F149DD9F8F4A}.Debug|x64.ActiveCfg = Debug|Any CPU
		{CE627527-B73B-4E55-B672-F149DD9F8F4A}.Debug|x64.Build.0 = Debug|Any CPU
		{CE627527-B73B-4E55-B672-F149DD9F8F4A}.Debug|x86.ActiveCfg = Debug|Any CPU
		{CE627527-B73B-4E55-B672-F149DD9F8F4A}.Debug|x86.Build.0 = Debug|Any CPU
		{CE627527-B73B-4E55-B672-F149DD9F8F4A}.Release|Any CPU.ActiveCfg = Release|Any CPU
		{CE627527-B73B-4E55-B672-F149DD9F8F4A}.Release|Any CPU.Build.0 = Release|Any CPU
		{CE627527-B73B-4E55-B672-F149DD9F8F4A}.Release|x64.ActiveCfg = Release|Any CPU
		{CE627527-B73B-4E55-B672-F149DD9F8F4A}.Release|x64.Build.0 = Release|Any CPU
		{CE627527-B73B-4E55-B672-F149DD9F8F4A}.Release|x86.ActiveCfg = Release|Any CPU
		{CE627527-B73B-4E55-B672-F149DD9F8F4A}.Release|x86.Build.0 = Release|Any CPU
		{DF51582E-111E-4D06-9E4F-9183CF784E7D}.Debug|Any CPU.ActiveCfg = Debug|Any CPU
		{DF51582E-111E-4D06-9E4F-9183CF784E7D}.Debug|Any CPU.Build.0 = Debug|Any CPU
		{DF51582E-111E-4D06-9E4F-9183CF784E7D}.Debug|x64.ActiveCfg = Debug|Any CPU
		{DF51582E-111E-4D06-9E4F-9183CF784E7D}.Debug|x64.Build.0 = Debug|Any CPU
		{DF51582E-111E-4D06-9E4F-9183CF784E7D}.Debug|x86.ActiveCfg = Debug|Any CPU
		{DF51582E-111E-4D06-9E4F-9183CF784E7D}.Debug|x86.Build.0 = Debug|Any CPU
		{DF51582E-111E-4D06-9E4F-9183CF784E7D}.Release|Any CPU.ActiveCfg = Release|Any CPU
		{DF51582E-111E-4D06-9E4F-9183CF784E7D}.Release|Any CPU.Build.0 = Release|Any CPU
		{DF51582E-111E-4D06-9E4F-9183CF784E7D}.Release|x64.ActiveCfg = Release|Any CPU
		{DF51582E-111E-4D06-9E4F-9183CF784E7D}.Release|x64.Build.0 = Release|Any CPU
		{DF51582E-111E-4D06-9E4F-9183CF784E7D}.Release|x86.ActiveCfg = Release|Any CPU
		{DF51582E-111E-4D06-9E4F-9183CF784E7D}.Release|x86.Build.0 = Release|Any CPU
		{D7C2E674-3F00-4726-BEF4-5BF7A225820D}.Debug|Any CPU.ActiveCfg = Debug|Any CPU
		{D7C2E674-3F00-4726-BEF4-5BF7A225820D}.Debug|Any CPU.Build.0 = Debug|Any CPU
		{D7C2E674-3F00-4726-BEF4-5BF7A225820D}.Debug|x64.ActiveCfg = Debug|Any CPU
		{D7C2E674-3F00-4726-BEF4-5BF7A225820D}.Debug|x64.Build.0 = Debug|Any CPU
		{D7C2E674-3F00-4726-BEF4-5BF7A225820D}.Debug|x86.ActiveCfg = Debug|Any CPU
		{D7C2E674-3F00-4726-BEF4-5BF7A225820D}.Debug|x86.Build.0 = Debug|Any CPU
		{D7C2E674-3F00-4726-BEF4-5BF7A225820D}.Release|Any CPU.ActiveCfg = Release|Any CPU
		{D7C2E674-3F00-4726-BEF4-5BF7A225820D}.Release|Any CPU.Build.0 = Release|Any CPU
		{D7C2E674-3F00-4726-BEF4-5BF7A225820D}.Release|x64.ActiveCfg = Release|Any CPU
		{D7C2E674-3F00-4726-BEF4-5BF7A225820D}.Release|x64.Build.0 = Release|Any CPU
		{D7C2E674-3F00-4726-BEF4-5BF7A225820D}.Release|x86.ActiveCfg = Release|Any CPU
		{D7C2E674-3F00-4726-BEF4-5BF7A225820D}.Release|x86.Build.0 = Release|Any CPU
		{E14BBAA1-B602-4690-B448-4376DCA41C91}.Debug|Any CPU.ActiveCfg = Debug|Any CPU
		{E14BBAA1-B602-4690-B448-4376DCA41C91}.Debug|Any CPU.Build.0 = Debug|Any CPU
		{E14BBAA1-B602-4690-B448-4376DCA41C91}.Debug|x64.ActiveCfg = Debug|Any CPU
		{E14BBAA1-B602-4690-B448-4376DCA41C91}.Debug|x64.Build.0 = Debug|Any CPU
		{E14BBAA1-B602-4690-B448-4376DCA41C91}.Debug|x86.ActiveCfg = Debug|Any CPU
		{E14BBAA1-B602-4690-B448-4376DCA41C91}.Debug|x86.Build.0 = Debug|Any CPU
		{E14BBAA1-B602-4690-B448-4376DCA41C91}.Release|Any CPU.ActiveCfg = Release|Any CPU
		{E14BBAA1-B602-4690-B448-4376DCA41C91}.Release|Any CPU.Build.0 = Release|Any CPU
		{E14BBAA1-B602-4690-B448-4376DCA41C91}.Release|x64.ActiveCfg = Release|Any CPU
		{E14BBAA1-B602-4690-B448-4376DCA41C91}.Release|x64.Build.0 = Release|Any CPU
		{E14BBAA1-B602-4690-B448-4376DCA41C91}.Release|x86.ActiveCfg = Release|Any CPU
		{E14BBAA1-B602-4690-B448-4376DCA41C91}.Release|x86.Build.0 = Release|Any CPU
	EndGlobalSection
	GlobalSection(SolutionProperties) = preSolution
		HideSolutionNode = FALSE
	EndGlobalSection
	GlobalSection(NestedProjects) = preSolution
		{4DA90A7C-B3FA-4B77-A8F2-8134BD039801} = {827E0CD3-B72D-47B6-A68D-7590B98EB39B}
		{62DDCDD7-0B70-4827-8084-E855CAB02E8B} = {827E0CD3-B72D-47B6-A68D-7590B98EB39B}
		{CE627527-B73B-4E55-B672-F149DD9F8F4A} = {827E0CD3-B72D-47B6-A68D-7590B98EB39B}
		{DF51582E-111E-4D06-9E4F-9183CF784E7D} = {827E0CD3-B72D-47B6-A68D-7590B98EB39B}
		{D7C2E674-3F00-4726-BEF4-5BF7A225820D} = {0AB3BF05-4346-4AA6-1389-037BE0695223}
		{E14BBAA1-B602-4690-B448-4376DCA41C91} = {0AB3BF05-4346-4AA6-1389-037BE0695223}
	EndGlobalSection
EndGlobal
